// !$*UTF8*$!
{
	archiveVersion = 1;
	classes = {
	};
	objectVersion = 46;
	objects = {

/* Begin PBXBuildFile section */
		488BCF531DF89C260021E4FC /* AppDelegate.swift in Sources */ = {isa = PBXBuildFile; fileRef = 488BCF521DF89C260021E4FC /* AppDelegate.swift */; };
		488BCF551DF89C260021E4FC /* ViewController.swift in Sources */ = {isa = PBXBuildFile; fileRef = 488BCF541DF89C260021E4FC /* ViewController.swift */; };
		488BCF581DF89C260021E4FC /* Main.storyboard in Resources */ = {isa = PBXBuildFile; fileRef = 488BCF561DF89C260021E4FC /* Main.storyboard */; };
		488BCF5A1DF89C260021E4FC /* Assets.xcassets in Resources */ = {isa = PBXBuildFile; fileRef = 488BCF591DF89C260021E4FC /* Assets.xcassets */; };
		488BCF5D1DF89C260021E4FC /* LaunchScreen.storyboard in Resources */ = {isa = PBXBuildFile; fileRef = 488BCF5B1DF89C260021E4FC /* LaunchScreen.storyboard */; };
		488BCF651DF89E9D0021E4FC /* pokemon.csv in Resources */ = {isa = PBXBuildFile; fileRef = 488BCF641DF89E9D0021E4FC /* pokemon.csv */; };
		488BCF681DF89F6C0021E4FC /* Pokemon.swift in Sources */ = {isa = PBXBuildFile; fileRef = 488BCF671DF89F6C0021E4FC /* Pokemon.swift */; };
		488BCF6B1DF8A3F40021E4FC /* PokeCell.swift in Sources */ = {isa = PBXBuildFile; fileRef = 488BCF6A1DF8A3F40021E4FC /* PokeCell.swift */; };
		488BCF6D1DF8FBF10021E4FC /* csv.swift in Sources */ = {isa = PBXBuildFile; fileRef = 488BCF6C1DF8FBF10021E4FC /* csv.swift */; };
		488BCF701DF903F30021E4FC /* Pokemon Hollow.ttf in Resources */ = {isa = PBXBuildFile; fileRef = 488BCF6E1DF903F30021E4FC /* Pokemon Hollow.ttf */; };
		488BCF711DF903F30021E4FC /* pokefont.ttf in Resources */ = {isa = PBXBuildFile; fileRef = 488BCF6F1DF903F30021E4FC /* pokefont.ttf */; };
		488BCF751DF9BDDF0021E4FC /* music.mp3 in Resources */ = {isa = PBXBuildFile; fileRef = 488BCF741DF9BDDF0021E4FC /* music.mp3 */; };
		488BCF771DF9BDE90021E4FC /* music.png in Resources */ = {isa = PBXBuildFile; fileRef = 488BCF761DF9BDE90021E4FC /* music.png */; };
/* End PBXBuildFile section */

/* Begin PBXFileReference section */
		488BCF4F1DF89C260021E4FC /* Pokemon.app */ = {isa = PBXFileReference; explicitFileType = wrapper.application; includeInIndex = 0; path = Pokemon.app; sourceTree = BUILT_PRODUCTS_DIR; };
		488BCF521DF89C260021E4FC /* AppDelegate.swift */ = {isa = PBXFileReference; lastKnownFileType = sourcecode.swift; path = AppDelegate.swift; sourceTree = "<group>"; };
		488BCF541DF89C260021E4FC /* ViewController.swift */ = {isa = PBXFileReference; lastKnownFileType = sourcecode.swift; path = ViewController.swift; sourceTree = "<group>"; };
		488BCF571DF89C260021E4FC /* Base */ = {isa = PBXFileReference; lastKnownFileType = file.storyboard; name = Base; path = Base.lproj/Main.storyboard; sourceTree = "<group>"; };
		488BCF591DF89C260021E4FC /* Assets.xcassets */ = {isa = PBXFileReference; lastKnownFileType = folder.assetcatalog; path = Assets.xcassets; sourceTree = "<group>"; };
		488BCF5C1DF89C260021E4FC /* Base */ = {isa = PBXFileReference; lastKnownFileType = file.storyboard; name = Base; path = Base.lproj/LaunchScreen.storyboard; sourceTree = "<group>"; };
		488BCF5E1DF89C260021E4FC /* Info.plist */ = {isa = PBXFileReference; lastKnownFileType = text.plist.xml; path = Info.plist; sourceTree = "<group>"; };
		488BCF641DF89E9D0021E4FC /* pokemon.csv */ = {isa = PBXFileReference; fileEncoding = 4; lastKnownFileType = text; path = pokemon.csv; sourceTree = "<group>"; };
		488BCF671DF89F6C0021E4FC /* Pokemon.swift */ = {isa = PBXFileReference; fileEncoding = 4; lastKnownFileType = sourcecode.swift; path = Pokemon.swift; sourceTree = "<group>"; };
		488BCF6A1DF8A3F40021E4FC /* PokeCell.swift */ = {isa = PBXFileReference; fileEncoding = 4; lastKnownFileType = sourcecode.swift; path = PokeCell.swift; sourceTree = "<group>"; };
		488BCF6C1DF8FBF10021E4FC /* csv.swift */ = {isa = PBXFileReference; fileEncoding = 4; lastKnownFileType = sourcecode.swift; path = csv.swift; sourceTree = "<group>"; };
		488BCF6E1DF903F30021E4FC /* Pokemon Hollow.ttf */ = {isa = PBXFileReference; lastKnownFileType = file; path = "Pokemon Hollow.ttf"; sourceTree = "<group>"; };
		488BCF6F1DF903F30021E4FC /* pokefont.ttf */ = {isa = PBXFileReference; lastKnownFileType = file; path = pokefont.ttf; sourceTree = "<group>"; };
		488BCF741DF9BDDF0021E4FC /* music.mp3 */ = {isa = PBXFileReference; lastKnownFileType = audio.mp3; path = music.mp3; sourceTree = "<group>"; };
		488BCF761DF9BDE90021E4FC /* music.png */ = {isa = PBXFileReference; lastKnownFileType = image.png; path = music.png; sourceTree = "<group>"; };
/* End PBXFileReference section */

/* Begin PBXFrameworksBuildPhase section */
		488BCF4C1DF89C260021E4FC /* Frameworks */ = {
			isa = PBXFrameworksBuildPhase;
			buildActionMask = 2147483647;
			files = (
			);
			runOnlyForDeploymentPostprocessing = 0;
		};
/* End PBXFrameworksBuildPhase section */

/* Begin PBXGroup section */
		488BCF461DF89C260021E4FC = {
			isa = PBXGroup;
			children = (
				488BCF511DF89C260021E4FC /* Pokemon */,
				488BCF501DF89C260021E4FC /* Products */,
			);
			sourceTree = "<group>";
		};
		488BCF501DF89C260021E4FC /* Products */ = {
			isa = PBXGroup;
			children = (
				488BCF4F1DF89C260021E4FC /* Pokemon.app */,
			);
			name = Products;
			sourceTree = "<group>";
		};
		488BCF511DF89C260021E4FC /* Pokemon */ = {
			isa = PBXGroup;
			children = (
				488BCF721DF904250021E4FC /* Resources */,
				488BCF691DF8A3D30021E4FC /* View */,
				488BCF661DF89F570021E4FC /* Model */,
				488BCF731DF904460021E4FC /* Util */,
				488BCF521DF89C260021E4FC /* AppDelegate.swift */,
				488BCF541DF89C260021E4FC /* ViewController.swift */,
				488BCF561DF89C260021E4FC /* Main.storyboard */,
				488BCF591DF89C260021E4FC /* Assets.xcassets */,
				488BCF5B1DF89C260021E4FC /* LaunchScreen.storyboard */,
				488BCF5E1DF89C260021E4FC /* Info.plist */,
			);
			path = Pokemon;
			sourceTree = "<group>";
		};
		488BCF661DF89F570021E4FC /* Model */ = {
			isa = PBXGroup;
			children = (
				488BCF671DF89F6C0021E4FC /* Pokemon.swift */,
			);
			name = Model;
			sourceTree = "<group>";
		};
		488BCF691DF8A3D30021E4FC /* View */ = {
			isa = PBXGroup;
			children = (
				488BCF6A1DF8A3F40021E4FC /* PokeCell.swift */,
			);
			name = View;
			sourceTree = "<group>";
		};
		488BCF721DF904250021E4FC /* Resources */ = {
			isa = PBXGroup;
			children = (
				488BCF761DF9BDE90021E4FC /* music.png */,
				488BCF741DF9BDDF0021E4FC /* music.mp3 */,
				488BCF641DF89E9D0021E4FC /* pokemon.csv */,
				488BCF6E1DF903F30021E4FC /* Pokemon Hollow.ttf */,
				488BCF6F1DF903F30021E4FC /* pokefont.ttf */,
			);
			name = Resources;
			sourceTree = "<group>";
		};
		488BCF731DF904460021E4FC /* Util */ = {
			isa = PBXGroup;
			children = (
				488BCF6C1DF8FBF10021E4FC /* csv.swift */,
			);
			name = Util;
			sourceTree = "<group>";
		};
/* End PBXGroup section */

/* Begin PBXNativeTarget section */
		488BCF4E1DF89C260021E4FC /* Pokemon */ = {
			isa = PBXNativeTarget;
			buildConfigurationList = 488BCF611DF89C260021E4FC /* Build configuration list for PBXNativeTarget "Pokemon" */;
			buildPhases = (
				488BCF4B1DF89C260021E4FC /* Sources */,
				488BCF4C1DF89C260021E4FC /* Frameworks */,
				488BCF4D1DF89C260021E4FC /* Resources */,
			);
			buildRules = (
			);
			dependencies = (
			);
			name = Pokemon;
			productName = Pokemon;
			productReference = 488BCF4F1DF89C260021E4FC /* Pokemon.app */;
			productType = "com.apple.product-type.application";
		};
/* End PBXNativeTarget section */

/* Begin PBXProject section */
		488BCF471DF89C260021E4FC /* Project object */ = {
			isa = PBXProject;
			attributes = {
				LastSwiftUpdateCheck = 0810;
				LastUpgradeCheck = 0810;
				ORGANIZATIONNAME = "Matthew Wood";
				TargetAttributes = {
					488BCF4E1DF89C260021E4FC = {
						CreatedOnToolsVersion = 8.1;
						DevelopmentTeam = P4EULK4HLY;
						LastSwiftMigration = 0810;
						ProvisioningStyle = Automatic;
					};
				};
			};
			buildConfigurationList = 488BCF4A1DF89C260021E4FC /* Build configuration list for PBXProject "Pokemon" */;
			compatibilityVersion = "Xcode 3.2";
			developmentRegion = English;
			hasScannedForEncodings = 0;
			knownRegions = (
				en,
				Base,
			);
			mainGroup = 488BCF461DF89C260021E4FC;
			productRefGroup = 488BCF501DF89C260021E4FC /* Products */;
			projectDirPath = "";
			projectRoot = "";
			targets = (
				488BCF4E1DF89C260021E4FC /* Pokemon */,
			);
		};
/* End PBXProject section */

/* Begin PBXResourcesBuildPhase section */
		488BCF4D1DF89C260021E4FC /* Resources */ = {
			isa = PBXResourcesBuildPhase;
			buildActionMask = 2147483647;
			files = (
				488BCF5D1DF89C260021E4FC /* LaunchScreen.storyboard in Resources */,
				488BCF5A1DF89C260021E4FC /* Assets.xcassets in Resources */,
				488BCF701DF903F30021E4FC /* Pokemon Hollow.ttf in Resources */,
				488BCF711DF903F30021E4FC /* pokefont.ttf in Resources */,
				488BCF651DF89E9D0021E4FC /* pokemon.csv in Resources */,
				488BCF771DF9BDE90021E4FC /* music.png in Resources */,
				488BCF751DF9BDDF0021E4FC /* music.mp3 in Resources */,
				488BCF581DF89C260021E4FC /* Main.storyboard in Resources */,
			);
			runOnlyForDeploymentPostprocessing = 0;
		};
/* End PBXResourcesBuildPhase section */

/* Begin PBXSourcesBuildPhase section */
		488BCF4B1DF89C260021E4FC /* Sources */ = {
			isa = PBXSourcesBuildPhase;
			buildActionMask = 2147483647;
			files = (
				488BCF551DF89C260021E4FC /* ViewController.swift in Sources */,
				488BCF531DF89C260021E4FC /* AppDelegate.swift in Sources */,
				488BCF6B1DF8A3F40021E4FC /* PokeCell.swift in Sources */,
				488BCF681DF89F6C0021E4FC /* Pokemon.swift in Sources */,
				488BCF6D1DF8FBF10021E4FC /* csv.swift in Sources */,
			);
			runOnlyForDeploymentPostprocessing = 0;
		};
/* End PBXSourcesBuildPhase section */

/* Begin PBXVariantGroup section */
		488BCF561DF89C260021E4FC /* Main.storyboard */ = {
			isa = PBXVariantGroup;
			children = (
				488BCF571DF89C260021E4FC /* Base */,
			);
			name = Main.storyboard;
			sourceTree = "<group>";
		};
		488BCF5B1DF89C260021E4FC /* LaunchScreen.storyboard */ = {
			isa = PBXVariantGroup;
			children = (
				488BCF5C1DF89C260021E4FC /* Base */,
			);
			name = LaunchScreen.storyboard;
			sourceTree = "<group>";
		};
/* End PBXVariantGroup section */

/* Begin XCBuildConfiguration section */
		488BCF5F1DF89C260021E4FC /* Debug */ = {
			isa = XCBuildConfiguration;
			buildSettings = {
				ALWAYS_SEARCH_USER_PATHS = NO;
				CLANG_ANALYZER_NONNULL = YES;
				CLANG_CXX_LANGUAGE_STANDARD = "gnu++0x";
				CLANG_CXX_LIBRARY = "libc++";
				CLANG_ENABLE_MODULES = YES;
				CLANG_ENABLE_OBJC_ARC = YES;
				CLANG_WARN_BOOL_CONVERSION = YES;
				CLANG_WARN_CONSTANT_CONVERSION = YES;
				CLANG_WARN_DIRECT_OBJC_ISA_USAGE = YES_ERROR;
				CLANG_WARN_DOCUMENTATION_COMMENTS = YES;
				CLANG_WARN_EMPTY_BODY = YES;
				CLANG_WARN_ENUM_CONVERSION = YES;
				CLANG_WARN_INFINITE_RECURSION = YES;
				CLANG_WARN_INT_CONVERSION = YES;
				CLANG_WARN_OBJC_ROOT_CLASS = YES_ERROR;
				CLANG_WARN_SUSPICIOUS_MOVES = YES;
				CLANG_WARN_UNREACHABLE_CODE = YES;
				CLANG_WARN__DUPLICATE_METHOD_MATCH = YES;
				"CODE_SIGN_IDENTITY[sdk=iphoneos*]" = "iPhone Developer";
				COPY_PHASE_STRIP = NO;
				DEBUG_INFORMATION_FORMAT = dwarf;
				ENABLE_STRICT_OBJC_MSGSEND = YES;
				ENABLE_TESTABILITY = YES;
				GCC_C_LANGUAGE_STANDARD = gnu99;
				GCC_DYNAMIC_NO_PIC = NO;
				GCC_NO_COMMON_BLOCKS = YES;
				GCC_OPTIMIZATION_LEVEL = 0;
				GCC_PREPROCESSOR_DEFINITIONS = (
					"DEBUG=1",
					"$(inherited)",
				);
				GCC_WARN_64_TO_32_BIT_CONVERSION = YES;
				GCC_WARN_ABOUT_RETURN_TYPE = YES_ERROR;
				GCC_WARN_UNDECLARED_SELECTOR = YES;
				GCC_WARN_UNINITIALIZED_AUTOS = YES_AGGRESSIVE;
				GCC_WARN_UNUSED_FUNCTION = YES;
				GCC_WARN_UNUSED_VARIABLE = YES;
				IPHONEOS_DEPLOYMENT_TARGET = 10.1;
				MTL_ENABLE_DEBUG_INFO = YES;
				ONLY_ACTIVE_ARCH = YES;
				SDKROOT = iphoneos;
				SWIFT_ACTIVE_COMPILATION_CONDITIONS = DEBUG;
				SWIFT_OPTIMIZATION_LEVEL = "-Onone";
				TARGETED_DEVICE_FAMILY = "1,2";
			};
			name = Debug;
		};
		488BCF601DF89C260021E4FC /* Release */ = {
			isa = XCBuildConfiguration;
			buildSettings = {
				ALWAYS_SEARCH_USER_PATHS = NO;
				CLANG_ANALYZER_NONNULL = YES;
				CLANG_CXX_LANGUAGE_STANDARD = "gnu++0x";
				CLANG_CXX_LIBRARY = "libc++";
				CLANG_ENABLE_MODULES = YES;
				CLANG_ENABLE_OBJC_ARC = YES;
				CLANG_WARN_BOOL_CONVERSION = YES;
				CLANG_WARN_CONSTANT_CONVERSION = YES;
				CLANG_WARN_DIRECT_OBJC_ISA_USAGE = YES_ERROR;
				CLANG_WARN_DOCUMENTATION_COMMENTS = YES;
				CLANG_WARN_EMPTY_BODY = YES;
				CLANG_WARN_ENUM_CONVERSION = YES;
				CLANG_WARN_INFINITE_RECURSION = YES;
				CLANG_WARN_INT_CONVERSION = YES;
				CLANG_WARN_OBJC_ROOT_CLASS = YES_ERROR;
				CLANG_WARN_SUSPICIOUS_MOVES = YES;
				CLANG_WARN_UNREACHABLE_CODE = YES;
				CLANG_WARN__DUPLICATE_METHOD_MATCH = YES;
				"CODE_SIGN_IDENTITY[sdk=iphoneos*]" = "iPhone Developer";
				COPY_PHASE_STRIP = NO;
				DEBUG_INFORMATION_FORMAT = "dwarf-with-dsym";
				ENABLE_NS_ASSERTIONS = NO;
				ENABLE_STRICT_OBJC_MSGSEND = YES;
				GCC_C_LANGUAGE_STANDARD = gnu99;
				GCC_NO_COMMON_BLOCKS = YES;
				GCC_WARN_64_TO_32_BIT_CONVERSION = YES;
				GCC_WARN_ABOUT_RETURN_TYPE = YES_ERROR;
				GCC_WARN_UNDECLARED_SELECTOR = YES;
				GCC_WARN_UNINITIALIZED_AUTOS = YES_AGGRESSIVE;
				GCC_WARN_UNUSED_FUNCTION = YES;
				GCC_WARN_UNUSED_VARIABLE = YES;
				IPHONEOS_DEPLOYMENT_TARGET = 10.1;
				MTL_ENABLE_DEBUG_INFO = NO;
				SDKROOT = iphoneos;
				SWIFT_OPTIMIZATION_LEVEL = "-Owholemodule";
				TARGETED_DEVICE_FAMILY = "1,2";
				VALIDATE_PRODUCT = YES;
			};
			name = Release;
		};
		488BCF621DF89C260021E4FC /* Debug */ = {
			isa = XCBuildConfiguration;
			buildSettings = {
				ASSETCATALOG_COMPILER_APPICON_NAME = AppIcon;
				DEVELOPMENT_TEAM = P4EULK4HLY;
				INFOPLIST_FILE = Pokemon/Info.plist;
				LD_RUNPATH_SEARCH_PATHS = "$(inherited) @executable_path/Frameworks";
				PRODUCT_BUNDLE_IDENTIFIER = self.edu.matthew.Pokemon;
				PRODUCT_NAME = "$(TARGET_NAME)";
				SWIFT_VERSION = 3.0;
			};
			name = Debug;
		};
		488BCF631DF89C260021E4FC /* Release */ = {
			isa = XCBuildConfiguration;
			buildSettings = {
				ASSETCATALOG_COMPILER_APPICON_NAME = AppIcon;
				DEVELOPMENT_TEAM = P4EULK4HLY;
				INFOPLIST_FILE = Pokemon/Info.plist;
				LD_RUNPATH_SEARCH_PATHS = "$(inherited) @executable_path/Frameworks";
				PRODUCT_BUNDLE_IDENTIFIER = self.edu.matthew.Pokemon;
				PRODUCT_NAME = "$(TARGET_NAME)";
				SWIFT_VERSION = 3.0;
			};
			name = Release;
		};
/* End XCBuildConfiguration section */

/* Begin XCConfigurationList section */
		488BCF4A1DF89C260021E4FC /* Build configuration list for PBXProject "Pokemon" */ = {
			isa = XCConfigurationList;
			buildConfigurations = (
				488BCF5F1DF89C260021E4FC /* Debug */,
				488BCF601DF89C260021E4FC /* Release */,
			);
			defaultConfigurationIsVisible = 0;
			defaultConfigurationName = Release;
		};
		488BCF611DF89C260021E4FC /* Build configuration list for PBXNativeTarget "Pokemon" */ = {
			isa = XCConfigurationList;
			buildConfigurations = (
				488BCF621DF89C260021E4FC /* Debug */,
				488BCF631DF89C260021E4FC /* Release */,
			);
			defaultConfigurationIsVisible = 0;
			defaultConfigurationName = Release;
		};
/* End XCConfigurationList section */
	};
	rootObject = 488BCF471DF89C260021E4FC /* Project object */;
}
